
Microsoft Visual Studio Solution File, Format Version 12.00
# Visual Studio Version 16
VisualStudioVersion = 16.0.29920.165
MinimumVisualStudioVersion = 10.0.40219.1
Project("{2150E333-8FDC-42A3-9474-1A3956D46DE8}") = "core", "core", "{0BA30237-AB71-4C0C-825A-AADF4FAF9E20}"
EndProject
Project("{2150E333-8FDC-42A3-9474-1A3956D46DE8}") = "infrastructure", "infrastructure", "{A857D010-516C-42BA-AA9E-7C836E1D69A8}"
EndProject
Project("{2150E333-8FDC-42A3-9474-1A3956D46DE8}") = "api", "api", "{C82FCE0B-EAD5-4F09-9818-C756DEB4BB63}"
EndProject
Project("{FAE04EC0-301F-11D3-BF4B-00C04F79EFBC}") = "Mufy.API", "Mufy.API\Mufy.API.csproj", "{3B4172FF-3F16-4594-B71C-675A5A676EC7}"
EndProject
Project("{FAE04EC0-301F-11D3-BF4B-00C04F79EFBC}") = "Mufy.Domain", "Mufy.Domain\Mufy.Domain.csproj", "{6CF9A319-2CE0-451E-BD95-99E46B8193A8}"
EndProject
Project("{FAE04EC0-301F-11D3-BF4B-00C04F79EFBC}") = "Mufy.Application", "Mufy.Application\Mufy.Application.csproj", "{8486C6C7-EBFB-487A-95A1-50542FCBE5C5}"
EndProject
Project("{FAE04EC0-301F-11D3-BF4B-00C04F79EFBC}") = "Mufy.DAL", "Mufy.DAL\Mufy.DAL.csproj", "{E6E3FEA3-AD2E-4570-B538-D506EDAE294F}"
EndProject
Global
	GlobalSection(SolutionConfigurationPlatforms) = preSolution
		Debug|Any CPU = Debug|Any CPU
		Release|Any CPU = Release|Any CPU
	EndGlobalSection
	GlobalSection(ProjectConfigurationPlatforms) = postSolution
		{3B4172FF-3F16-4594-B71C-675A5A676EC7}.Debug|Any CPU.ActiveCfg = Debug|Any CPU
		{3B4172FF-3F16-4594-B71C-675A5A676EC7}.Debug|Any CPU.Build.0 = Debug|Any CPU
		{3B4172FF-3F16-4594-B71C-675A5A676EC7}.Release|Any CPU.ActiveCfg = Release|Any CPU
		{3B4172FF-3F16-4594-B71C-675A5A676EC7}.Release|Any CPU.Build.0 = Release|Any CPU
		{6CF9A319-2CE0-451E-BD95-99E46B8193A8}.Debug|Any CPU.ActiveCfg = Debug|Any CPU
		{6CF9A319-2CE0-451E-BD95-99E46B8193A8}.Debug|Any CPU.Build.0 = Debug|Any CPU
		{6CF9A319-2CE0-451E-BD95-99E46B8193A8}.Release|Any CPU.ActiveCfg = Release|Any CPU
		{6CF9A319-2CE0-451E-BD95-99E46B8193A8}.Release|Any CPU.Build.0 = Release|Any CPU
		{8486C6C7-EBFB-487A-95A1-50542FCBE5C5}.Debug|Any CPU.ActiveCfg = Debug|Any CPU
		{8486C6C7-EBFB-487A-95A1-50542FCBE5C5}.Debug|Any CPU.Build.0 = Debug|Any CPU
		{8486C6C7-EBFB-487A-95A1-50542FCBE5C5}.Release|Any CPU.ActiveCfg = Release|Any CPU
		{8486C6C7-EBFB-487A-95A1-50542FCBE5C5}.Release|Any CPU.Build.0 = Release|Any CPU
		{E6E3FEA3-AD2E-4570-B538-D506EDAE294F}.Debug|Any CPU.ActiveCfg = Debug|Any CPU
		{E6E3FEA3-AD2E-4570-B538-D506EDAE294F}.Debug|Any CPU.Build.0 = Debug|Any CPU
		{E6E3FEA3-AD2E-4570-B538-D506EDAE294F}.Release|Any CPU.ActiveCfg = Release|Any CPU
		{E6E3FEA3-AD2E-4570-B538-D506EDAE294F}.Release|Any CPU.Build.0 = Release|Any CPU
	EndGlobalSection
	GlobalSection(SolutionProperties) = preSolution
		HideSolutionNode = FALSE
	EndGlobalSection
	GlobalSection(NestedProjects) = preSolution
		{3B4172FF-3F16-4594-B71C-675A5A676EC7} = {C82FCE0B-EAD5-4F09-9818-C756DEB4BB63}
		{6CF9A319-2CE0-451E-BD95-99E46B8193A8} = {0BA30237-AB71-4C0C-825A-AADF4FAF9E20}
		{8486C6C7-EBFB-487A-95A1-50542FCBE5C5} = {0BA30237-AB71-4C0C-825A-AADF4FAF9E20}
		{E6E3FEA3-AD2E-4570-B538-D506EDAE294F} = {A857D010-516C-42BA-AA9E-7C836E1D69A8}
	EndGlobalSection
	GlobalSection(ExtensibilityGlobals) = postSolution
		SolutionGuid = {BCF484F6-5DE9-4F76-8C16-EFE4CE351ECA}
	EndGlobalSection
EndGlobal
